{
  "name": "@toots/shine.js",
  "version": "1.0.1",
  "lockfileVersion": 3,
  "requires": true,
  "packages": {
    "": {
      "name": "@toots/shine.js",
      "version": "1.0.1",
      "license": "LGPL-2.0-only"
    },
    "stubs": {
      "version": "1.0.0",
      "extraneous": true,
      "license": "ISC"
    }
  }
}
