{
  "name": "shine-js-test",
  "version": "0.0.1",
  "lockfileVersion": 1,
  "requires": true,
  "dependencies": {
    "buffer-alloc": {
      "version": "1.2.0",
      "resolved": "https://registry.npmjs.org/buffer-alloc/-/buffer-alloc-1.2.0.tgz",
      "integrity": "sha512-CFsHQgjtW1UChdXgbyJGtnm+O/uLQeZdtbDo8mfUgYXCHSM1wgrVxXm6bSyrUuErEb+4sYVGCzASBRot7zyrow==",
      "requires": {
        "buffer-alloc-unsafe": "^1.1.0",
        "buffer-fill": "^1.0.0"
      }
    },
    "buffer-alloc-unsafe": {
      "version": "1.1.0",
      "resolved": "https://registry.npmjs.org/buffer-alloc-unsafe/-/buffer-alloc-unsafe-1.1.0.tgz",
      "integrity": "sha512-TEM2iMIEQdJ2yjPJoSIsldnleVaAk1oW3DBVUykyOLsEsFmEc9kn+SFFPz+gl54KQNxlDnAwCXosOS9Okx2xAg=="
    },
    "buffer-fill": {
      "version": "1.0.0",
      "resolved": "https://registry.npmjs.org/buffer-fill/-/buffer-fill-1.0.0.tgz",
      "integrity": "sha1-+PeLdniYiO858gXNY39o5wISKyw="
    },
    "buffer-from": {
      "version": "1.1.1",
      "resolved": "https://registry.npmjs.org/buffer-from/-/buffer-from-1.1.1.tgz",
      "integrity": "sha512-MQcXEUbCKtEo7bhqEs6560Hyd4XaovZlO/k9V3hjVUF/zwW7KBVdSK4gIt/bzwS9MbR5qob+F5jusZsb0YQK2A=="
    },
    "coffee-script": {
      "version": "1.6.3",
      "resolved": "https://registry.npmjs.org/coffee-script/-/coffee-script-1.6.3.tgz",
      "integrity": "sha1-Y1XTLPGwTN/2tITl5xF4Ky8MOb4="
    },
    "core-util-is": {
      "version": "1.0.2",
      "resolved": "https://registry.npmjs.org/core-util-is/-/core-util-is-1.0.2.tgz",
      "integrity": "sha1-tf1UIgqivFq1eqtxQMlAdUUDwac="
    },
    "debug": {
      "version": "2.6.9",
      "resolved": "https://registry.npmjs.org/debug/-/debug-2.6.9.tgz",
      "integrity": "sha512-bC7ElrdJaJnPbAP+1EotYvqZsb3ecl5wi6Bfi6BJTUcNowp6cvspg0jXznRTKDjm/E7AdgFBVeAPVMNcKGsHMA==",
      "requires": {
        "ms": "2.0.0"
      }
    },
    "inherits": {
      "version": "2.0.3",
      "resolved": "https://registry.npmjs.org/inherits/-/inherits-2.0.3.tgz",
      "integrity": "sha1-Yzwsg+PaQqUC9SRmAiSA9CCCYd4="
    },
    "isarray": {
      "version": "0.0.1",
      "resolved": "https://registry.npmjs.org/isarray/-/isarray-0.0.1.tgz",
      "integrity": "sha1-ihis/Kmo9Bd+Cav8YDiTmwXR7t8="
    },
    "ms": {
      "version": "2.0.0",
      "resolved": "https://registry.npmjs.org/ms/-/ms-2.0.0.tgz",
      "integrity": "sha1-VgiurfwAvmwpAd9fmGF4jeDVl8g="
    },
    "readable-stream": {
      "version": "1.1.14",
      "resolved": "http://registry.npmjs.org/readable-stream/-/readable-stream-1.1.14.tgz",
      "integrity": "sha1-fPTFTvZI44EwhMY23SB54WbAgdk=",
      "requires": {
        "core-util-is": "~1.0.0",
        "inherits": "~2.0.1",
        "isarray": "0.0.1",
        "string_decoder": "~0.10.x"
      }
    },
    "stream-parser": {
      "version": "0.3.1",
      "resolved": "https://registry.npmjs.org/stream-parser/-/stream-parser-0.3.1.tgz",
      "integrity": "sha1-FhhUhpRCACGhGC/wrxkRwSl2F3M=",
      "requires": {
        "debug": "2"
      }
    },
    "string_decoder": {
      "version": "0.10.31",
      "resolved": "https://registry.npmjs.org/string_decoder/-/string_decoder-0.10.31.tgz",
      "integrity": "sha1-YuIDvEF2bGwoyfyEMB2rHFMQ+pQ="
    },
    "wav": {
      "version": "1.0.2",
      "resolved": "https://registry.npmjs.org/wav/-/wav-1.0.2.tgz",
      "integrity": "sha512-viHtz3cDd/Tcr/HbNqzQCofKdF6kWUymH9LGDdskfWFoIy/HJ+RTihgjEcHfnsy1PO4e9B+y4HwgTwMrByquhg==",
      "requires": {
        "buffer-alloc": "^1.1.0",
        "buffer-from": "^1.0.0",
        "debug": "^2.2.0",
        "readable-stream": "^1.1.14",
        "stream-parser": "^0.3.1"
      }
    }
  }
}
